{
  "name": "@lucca-front/ng",
  "version": "0.0.0",
  "lockfileVersion": 3,
  "requires": true,
  "packages": {
    "": {
      "name": "@lucca-front/ng",
      "version": "0.0.0",
      "license": "MIT",
      "peerDependencies": {
        "@angular/animations": "^20.0.0",
        "@angular/cdk": "^20.0.0",
        "@angular/common": "^20.0.0",
        "@angular/core": "^20.0.0",
        "@lexical/history": "^0.30.0",
        "@lexical/html": "^0.30.0",
        "@lexical/link": "^0.30.0",
        "@lexical/markdown": "^0.30.0",
        "@lexical/plain-text": "^0.30.0",
        "@lexical/rich-text": "^0.30.0",
        "@lexical/selection": "^0.30.0",
        "@lexical/text": "^0.30.0",
        "@lexical/utils": "^0.30.0",
        "@lucca-front/icons": "*",
        "@lucca-front/scss": "*",
        "@ngx-formly/core": "^6.3.11",
        "date-fns": "^3.6.0",
        "isomorphic-dompurify": "^2.17.0",
        "lexical": "^0.30.0",
        "rxjs": "^7.8.0"
      },
      "peerDependenciesMeta": {
        "@lexical/history": {
          "optional": true
        },
        "@lexical/html": {
          "optional": true
        },
        "@lexical/link": {
          "optional": true
        },
        "@lexical/markdown": {
          "optional": true
        },
        "@lexical/plain-text": {
          "optional": true
        },
        "@lexical/rich-text": {
          "optional": true
        },
        "@lexical/selection": {
          "optional": true
        },
        "@lexical/utils": {
          "optional": true
        },
        "@ngx-formly/core": {
          "optional": true
        },
        "lexical": {
          "optional": true
        }
      }
    },
    "node_modules/@angular/animations": {
      "version": "20.3.4",
      "resolved": "https://registry.npmjs.org/@angular/animations/-/animations-20.3.4.tgz",
      "integrity": "sha512-b+vFsTtMYtOrcZZLXB4BxuErbrLlShFT6khTvkwu/pFK8ri3tasyJGkeKRZJHao5ZsWdZSqV2mRwzg7vphchnA==",
      "license": "MIT",
      "peer": true,
      "dependencies": {
        "tslib": "^2.3.0"
      },
      "engines": {
        "node": "^20.19.0 || ^22.12.0 || >=24.0.0"
      },
      "peerDependencies": {
        "@angular/core": "20.3.4"
      }
    },
    "node_modules/@angular/cdk": {
      "version": "20.2.8",
      "resolved": "https://registry.npmjs.org/@angular/cdk/-/cdk-20.2.8.tgz",
      "integrity": "sha512-r2GzcgwkRETKUmFhGfmT+T0RYRcYb/JrpADTnUG3sOkHY+05r7YGkmmXMjUIB0nVERqVuFBM1mKVcIFp9SJDmQ==",
      "license": "MIT",
      "peer": true,
      "dependencies": {
        "parse5": "^8.0.0",
        "tslib": "^2.3.0"
      },
      "peerDependencies": {
        "@angular/common": "^20.0.0 || ^21.0.0",
        "@angular/core": "^20.0.0 || ^21.0.0",
        "rxjs": "^6.5.3 || ^7.4.0"
      }
    },
    "node_modules/@angular/common": {
      "version": "20.3.4",
      "resolved": "https://registry.npmjs.org/@angular/common/-/common-20.3.4.tgz",
      "integrity": "sha512-hBQahyiHEAtc30a8hPOuIWcUL7j8189DC0sX4RiBd/wtvzH4Sd3XhguxyZAL6gHgNZEQ0nKy0uAfvWB/79GChQ==",
      "license": "MIT",
      "peer": true,
      "dependencies": {
        "tslib": "^2.3.0"
      },
      "engines": {
        "node": "^20.19.0 || ^22.12.0 || >=24.0.0"
      },
      "peerDependencies": {
        "@angular/core": "20.3.4",
        "rxjs": "^6.5.3 || ^7.4.0"
      }
    },
    "node_modules/@angular/core": {
      "version": "20.3.4",
      "resolved": "https://registry.npmjs.org/@angular/core/-/core-20.3.4.tgz",
      "integrity": "sha512-qLYVXcpSBmsA/9fITB1cT2y37V1Yo3ybWEwvafnbAh8izabrMV0hh+J9Ajh9bPk092T7LS8Xt9eTu0OquBXkbw==",
      "license": "MIT",
      "peer": true,
      "dependencies": {
        "tslib": "^2.3.0"
      },
      "engines": {
        "node": "^20.19.0 || ^22.12.0 || >=24.0.0"
      },
      "peerDependencies": {
        "@angular/compiler": "20.3.4",
        "rxjs": "^6.5.3 || ^7.4.0",
        "zone.js": "~0.15.0"
      },
      "peerDependenciesMeta": {
        "@angular/compiler": {
          "optional": true
        },
        "zone.js": {
          "optional": true
        }
      }
    },
    "node_modules/@asamuzakjp/css-color": {
      "version": "4.0.5",
      "resolved": "https://registry.npmjs.org/@asamuzakjp/css-color/-/css-color-4.0.5.tgz",
      "integrity": "sha512-lMrXidNhPGsDjytDy11Vwlb6OIGrT3CmLg3VWNFyWkLWtijKl7xjvForlh8vuj0SHGjgl4qZEQzUmYTeQA2JFQ==",
      "license": "MIT",
      "peer": true,
      "dependencies": {
        "@csstools/css-calc": "^2.1.4",
        "@csstools/css-color-parser": "^3.1.0",
        "@csstools/css-parser-algorithms": "^3.0.5",
        "@csstools/css-tokenizer": "^3.0.4",
        "lru-cache": "^11.2.1"
      }
    },
    "node_modules/@asamuzakjp/dom-selector": {
      "version": "6.6.2",
      "resolved": "https://registry.npmjs.org/@asamuzakjp/dom-selector/-/dom-selector-6.6.2.tgz",
      "integrity": "sha512-+AG0jN9HTwfDLBhjhX1FKi6zlIAc/YGgEHlN/OMaHD1pOPFsC5CpYQpLkPX0aFjyaVmoq9330cQDCU4qnSL1qA==",
      "license": "MIT",
      "peer": true,
      "dependencies": {
        "@asamuzakjp/nwsapi": "^2.3.9",
        "bidi-js": "^1.0.3",
        "css-tree": "^3.1.0",
        "is-potential-custom-element-name": "^1.0.1",
        "lru-cache": "^11.2.2"
      }
    },
    "node_modules/@asamuzakjp/nwsapi": {
      "version": "2.3.9",
      "resolved": "https://registry.npmjs.org/@asamuzakjp/nwsapi/-/nwsapi-2.3.9.tgz",
      "integrity": "sha512-n8GuYSrI9bF7FFZ/SjhwevlHc8xaVlb/7HmHelnc/PZXBD2ZR49NnN9sMMuDdEGPeeRQ5d0hqlSlEpgCX3Wl0Q==",
      "license": "MIT",
      "peer": true
    },
    "node_modules/@csstools/color-helpers": {
      "version": "5.1.0",
      "resolved": "https://registry.npmjs.org/@csstools/color-helpers/-/color-helpers-5.1.0.tgz",
      "integrity": "sha512-S11EXWJyy0Mz5SYvRmY8nJYTFFd1LCNV+7cXyAgQtOOuzb4EsgfqDufL+9esx72/eLhsRdGZwaldu/h+E4t4BA==",
      "funding": [
        {
          "type": "github",
          "url": "https://github.com/sponsors/csstools"
        },
        {
          "type": "opencollective",
          "url": "https://opencollective.com/csstools"
        }
      ],
      "license": "MIT-0",
      "peer": true,
      "engines": {
        "node": ">=18"
      }
    },
    "node_modules/@csstools/css-calc": {
      "version": "2.1.4",
      "resolved": "https://registry.npmjs.org/@csstools/css-calc/-/css-calc-2.1.4.tgz",
      "integrity": "sha512-3N8oaj+0juUw/1H3YwmDDJXCgTB1gKU6Hc/bB502u9zR0q2vd786XJH9QfrKIEgFlZmhZiq6epXl4rHqhzsIgQ==",
      "funding": [
        {
          "type": "github",
          "url": "https://github.com/sponsors/csstools"
        },
        {
          "type": "opencollective",
          "url": "https://opencollective.com/csstools"
        }
      ],
      "license": "MIT",
      "peer": true,
      "engines": {
        "node": ">=18"
      },
      "peerDependencies": {
        "@csstools/css-parser-algorithms": "^3.0.5",
        "@csstools/css-tokenizer": "^3.0.4"
      }
    },
    "node_modules/@csstools/css-color-parser": {
      "version": "3.1.0",
      "resolved": "https://registry.npmjs.org/@csstools/css-color-parser/-/css-color-parser-3.1.0.tgz",
      "integrity": "sha512-nbtKwh3a6xNVIp/VRuXV64yTKnb1IjTAEEh3irzS+HkKjAOYLTGNb9pmVNntZ8iVBHcWDA2Dof0QtPgFI1BaTA==",
      "funding": [
        {
          "type": "github",
          "url": "https://github.com/sponsors/csstools"
        },
        {
          "type": "opencollective",
          "url": "https://opencollective.com/csstools"
        }
      ],
      "license": "MIT",
      "peer": true,
      "dependencies": {
        "@csstools/color-helpers": "^5.1.0",
        "@csstools/css-calc": "^2.1.4"
      },
      "engines": {
        "node": ">=18"
      },
      "peerDependencies": {
        "@csstools/css-parser-algorithms": "^3.0.5",
        "@csstools/css-tokenizer": "^3.0.4"
      }
    },
    "node_modules/@csstools/css-parser-algorithms": {
      "version": "3.0.5",
      "resolved": "https://registry.npmjs.org/@csstools/css-parser-algorithms/-/css-parser-algorithms-3.0.5.tgz",
      "integrity": "sha512-DaDeUkXZKjdGhgYaHNJTV9pV7Y9B3b644jCLs9Upc3VeNGg6LWARAT6O+Q+/COo+2gg/bM5rhpMAtf70WqfBdQ==",
      "funding": [
        {
          "type": "github",
          "url": "https://github.com/sponsors/csstools"
        },
        {
          "type": "opencollective",
          "url": "https://opencollective.com/csstools"
        }
      ],
      "license": "MIT",
      "peer": true,
      "engines": {
        "node": ">=18"
      },
      "peerDependencies": {
        "@csstools/css-tokenizer": "^3.0.4"
      }
    },
    "node_modules/@csstools/css-syntax-patches-for-csstree": {
      "version": "1.0.14",
      "resolved": "https://registry.npmjs.org/@csstools/css-syntax-patches-for-csstree/-/css-syntax-patches-for-csstree-1.0.14.tgz",
      "integrity": "sha512-zSlIxa20WvMojjpCSy8WrNpcZ61RqfTfX3XTaOeVlGJrt/8HF3YbzgFZa01yTbT4GWQLwfTcC3EB8i3XnB647Q==",
      "funding": [
        {
          "type": "github",
          "url": "https://github.com/sponsors/csstools"
        },
        {
          "type": "opencollective",
          "url": "https://opencollective.com/csstools"
        }
      ],
      "license": "MIT-0",
      "peer": true,
      "engines": {
        "node": ">=18"
      },
      "peerDependencies": {
        "postcss": "^8.4"
      }
    },
    "node_modules/@csstools/css-tokenizer": {
      "version": "3.0.4",
      "resolved": "https://registry.npmjs.org/@csstools/css-tokenizer/-/css-tokenizer-3.0.4.tgz",
      "integrity": "sha512-Vd/9EVDiu6PPJt9yAh6roZP6El1xHrdvIVGjyBsHR0RYwNHgL7FJPyIIW4fANJNG6FtyZfvlRPpFI4ZM/lubvw==",
      "funding": [
        {
          "type": "github",
          "url": "https://github.com/sponsors/csstools"
        },
        {
          "type": "opencollective",
          "url": "https://opencollective.com/csstools"
        }
      ],
      "license": "MIT",
      "peer": true,
      "engines": {
        "node": ">=18"
      }
    },
    "node_modules/@lexical/text": {
      "version": "0.30.0",
      "resolved": "https://registry.npmjs.org/@lexical/text/-/text-0.30.0.tgz",
      "integrity": "sha512-P0ptriFwwP/hoDpz/MoBbzHxrFHqh0kCGzASWUdRZ1zrU0yPvJ9vV/UNMhyolH7xx+eAGI1Yl+m74NlpGmXqTg==",
      "license": "MIT",
      "peer": true,
      "dependencies": {
        "lexical": "0.30.0"
      }
    },
    "node_modules/@lucca-front/icons": {
      "version": "20.2.3",
      "resolved": "https://registry.npmjs.org/@lucca-front/icons/-/icons-20.2.3.tgz",
      "integrity": "sha512-1dFS4D9h7cglh+4/PPa08or+foA2xjnboiEBLsJ+7KoSEssTpKrkNx10hL+sxhjuC2udrDpNRJfWUi7tYfBOOA==",
      "license": "MIT",
      "peer": true
    },
    "node_modules/@lucca-front/scss": {
      "version": "20.2.3",
      "resolved": "https://registry.npmjs.org/@lucca-front/scss/-/scss-20.2.3.tgz",
      "integrity": "sha512-5P6KAjncpOS18GtmN9WbVeN1nHaOB5oH/I43DHmUk88DiE2JmxoFCnwi2WIiU8DNWIAcAueKZW2VhCdTER+Ldg==",
      "license": "MIT",
      "peer": true,
      "dependencies": {
        "normalize.css": "^8.0.0"
      },
      "peerDependencies": {
        "@lucca-front/icons": "20.2.3"
      }
    },
    "node_modules/@types/trusted-types": {
      "version": "2.0.7",
      "resolved": "https://registry.npmjs.org/@types/trusted-types/-/trusted-types-2.0.7.tgz",
      "integrity": "sha512-ScaPdn1dQczgbl0QFTeTOmVHFULt394XJgOQNoyVhZ6r2vLnMLJfBPd53SB52T/3G36VI1/g2MZaX0cwDuXsfw==",
      "license": "MIT",
      "optional": true,
      "peer": true
    },
    "node_modules/agent-base": {
      "version": "7.1.4",
      "resolved": "https://registry.npmjs.org/agent-base/-/agent-base-7.1.4.tgz",
      "integrity": "sha512-MnA+YT8fwfJPgBx3m60MNqakm30XOkyIoH1y6huTQvC0PwZG7ki8NacLBcrPbNoo8vEZy7Jpuk7+jMO+CUovTQ==",
      "license": "MIT",
      "peer": true,
      "engines": {
        "node": ">= 14"
      }
    },
    "node_modules/bidi-js": {
      "version": "1.0.3",
      "resolved": "https://registry.npmjs.org/bidi-js/-/bidi-js-1.0.3.tgz",
      "integrity": "sha512-RKshQI1R3YQ+n9YJz2QQ147P66ELpa1FQEg20Dk8oW9t2KgLbpDLLp9aGZ7y8WHSshDknG0bknqGw5/tyCs5tw==",
      "license": "MIT",
      "peer": true,
      "dependencies": {
        "require-from-string": "^2.0.2"
      }
    },
    "node_modules/css-tree": {
      "version": "3.1.0",
      "resolved": "https://registry.npmjs.org/css-tree/-/css-tree-3.1.0.tgz",
      "integrity": "sha512-0eW44TGN5SQXU1mWSkKwFstI/22X2bG1nYzZTYMAWjylYURhse752YgbE4Cx46AC+bAvI+/dYTPRk1LqSUnu6w==",
      "license": "MIT",
      "peer": true,
      "dependencies": {
        "mdn-data": "2.12.2",
        "source-map-js": "^1.0.1"
      },
      "engines": {
        "node": "^10 || ^12.20.0 || ^14.13.0 || >=15.0.0"
      }
    },
    "node_modules/cssstyle": {
      "version": "5.3.1",
      "resolved": "https://registry.npmjs.org/cssstyle/-/cssstyle-5.3.1.tgz",
      "integrity": "sha512-g5PC9Aiph9eiczFpcgUhd9S4UUO3F+LHGRIi5NUMZ+4xtoIYbHNZwZnWA2JsFGe8OU8nl4WyaEFiZuGuxlutJQ==",
      "license": "MIT",
      "peer": true,
      "dependencies": {
        "@asamuzakjp/css-color": "^4.0.3",
        "@csstools/css-syntax-patches-for-csstree": "^1.0.14",
        "css-tree": "^3.1.0"
      },
      "engines": {
        "node": ">=20"
      }
    },
    "node_modules/data-urls": {
      "version": "6.0.0",
      "resolved": "https://registry.npmjs.org/data-urls/-/data-urls-6.0.0.tgz",
      "integrity": "sha512-BnBS08aLUM+DKamupXs3w2tJJoqU+AkaE/+6vQxi/G/DPmIZFJJp9Dkb1kM03AZx8ADehDUZgsNxju3mPXZYIA==",
      "license": "MIT",
      "peer": true,
      "dependencies": {
        "whatwg-mimetype": "^4.0.0",
        "whatwg-url": "^15.0.0"
      },
      "engines": {
        "node": ">=20"
      }
    },
    "node_modules/date-fns": {
      "version": "3.6.0",
      "resolved": "https://registry.npmjs.org/date-fns/-/date-fns-3.6.0.tgz",
      "integrity": "sha512-fRHTG8g/Gif+kSh50gaGEdToemgfj74aRX3swtiouboip5JDLAyDE9F11nHMIcvOaXeOC6D7SpNhi7uFyB7Uww==",
      "license": "MIT",
      "peer": true,
      "funding": {
        "type": "github",
        "url": "https://github.com/sponsors/kossnocorp"
      }
    },
    "node_modules/debug": {
      "version": "4.4.3",
      "resolved": "https://registry.npmjs.org/debug/-/debug-4.4.3.tgz",
      "integrity": "sha512-RGwwWnwQvkVfavKVt22FGLw+xYSdzARwm0ru6DhTVA3umU5hZc28V3kO4stgYryrTlLpuvgI9GiijltAjNbcqA==",
      "license": "MIT",
      "peer": true,
      "dependencies": {
        "ms": "^2.1.3"
      },
      "engines": {
        "node": ">=6.0"
      },
      "peerDependenciesMeta": {
        "supports-color": {
          "optional": true
        }
      }
    },
    "node_modules/decimal.js": {
      "version": "10.6.0",
      "resolved": "https://registry.npmjs.org/decimal.js/-/decimal.js-10.6.0.tgz",
      "integrity": "sha512-YpgQiITW3JXGntzdUmyUR1V812Hn8T1YVXhCu+wO3OpS4eU9l4YdD3qjyiKdV6mvV29zapkMeD390UVEf2lkUg==",
      "license": "MIT",
      "peer": true
    },
    "node_modules/dompurify": {
      "version": "3.3.0",
      "resolved": "https://registry.npmjs.org/dompurify/-/dompurify-3.3.0.tgz",
      "integrity": "sha512-r+f6MYR1gGN1eJv0TVQbhA7if/U7P87cdPl3HN5rikqaBSBxLiCb/b9O+2eG0cxz0ghyU+mU1QkbsOwERMYlWQ==",
      "license": "(MPL-2.0 OR Apache-2.0)",
      "peer": true,
      "optionalDependencies": {
        "@types/trusted-types": "^2.0.7"
      }
    },
    "node_modules/entities": {
      "version": "6.0.1",
      "resolved": "https://registry.npmjs.org/entities/-/entities-6.0.1.tgz",
      "integrity": "sha512-aN97NXWF6AWBTahfVOIrB/NShkzi5H7F9r1s9mD3cDj4Ko5f2qhhVoYMibXF7GlLveb/D2ioWay8lxI97Ven3g==",
      "license": "BSD-2-Clause",
      "peer": true,
      "engines": {
        "node": ">=0.12"
      },
      "funding": {
        "url": "https://github.com/fb55/entities?sponsor=1"
      }
    },
    "node_modules/html-encoding-sniffer": {
      "version": "4.0.0",
      "resolved": "https://registry.npmjs.org/html-encoding-sniffer/-/html-encoding-sniffer-4.0.0.tgz",
      "integrity": "sha512-Y22oTqIU4uuPgEemfz7NDJz6OeKf12Lsu+QC+s3BVpda64lTiMYCyGwg5ki4vFxkMwQdeZDl2adZoqUgdFuTgQ==",
      "license": "MIT",
      "peer": true,
      "dependencies": {
        "whatwg-encoding": "^3.1.1"
      },
      "engines": {
        "node": ">=18"
      }
    },
    "node_modules/http-proxy-agent": {
      "version": "7.0.2",
      "resolved": "https://registry.npmjs.org/http-proxy-agent/-/http-proxy-agent-7.0.2.tgz",
      "integrity": "sha512-T1gkAiYYDWYx3V5Bmyu7HcfcvL7mUrTWiM6yOfa3PIphViJ/gFPbvidQ+veqSOHci/PxBcDabeUNCzpOODJZig==",
      "license": "MIT",
      "peer": true,
      "dependencies": {
        "agent-base": "^7.1.0",
        "debug": "^4.3.4"
      },
      "engines": {
        "node": ">= 14"
      }
    },
    "node_modules/https-proxy-agent": {
      "version": "7.0.6",
      "resolved": "https://registry.npmjs.org/https-proxy-agent/-/https-proxy-agent-7.0.6.tgz",
      "integrity": "sha512-vK9P5/iUfdl95AI+JVyUuIcVtd4ofvtrOr3HNtM2yxC9bnMbEdp3x01OhQNnjb8IJYi38VlTE3mBXwcfvywuSw==",
      "license": "MIT",
      "peer": true,
      "dependencies": {
        "agent-base": "^7.1.2",
        "debug": "4"
      },
      "engines": {
        "node": ">= 14"
      }
    },
    "node_modules/iconv-lite": {
      "version": "0.6.3",
      "resolved": "https://registry.npmjs.org/iconv-lite/-/iconv-lite-0.6.3.tgz",
      "integrity": "sha512-4fCk79wshMdzMp2rH06qWrJE4iolqLhCUH+OiuIgU++RB0+94NlDL81atO7GX55uUKueo0txHNtvEyI6D7WdMw==",
      "license": "MIT",
      "peer": true,
      "dependencies": {
        "safer-buffer": ">= 2.1.2 < 3.0.0"
      },
      "engines": {
        "node": ">=0.10.0"
      }
    },
    "node_modules/is-potential-custom-element-name": {
      "version": "1.0.1",
      "resolved": "https://registry.npmjs.org/is-potential-custom-element-name/-/is-potential-custom-element-name-1.0.1.tgz",
      "integrity": "sha512-bCYeRA2rVibKZd+s2625gGnGF/t7DSqDs4dP7CrLA1m7jKWz6pps0LpYLJN8Q64HtmPKJ1hrN3nzPNKFEKOUiQ==",
      "license": "MIT",
      "peer": true
    },
    "node_modules/isomorphic-dompurify": {
      "version": "2.28.0",
      "resolved": "https://registry.npmjs.org/isomorphic-dompurify/-/isomorphic-dompurify-2.28.0.tgz",
      "integrity": "sha512-9G5v8g4tYoix5odskjG704Khm1zNrqqqOC4YjCwEUhx0OvuaijRCprAV2GwJ9iw/01c6H1R+rs/2AXPZLlgDaQ==",
      "license": "MIT",
      "peer": true,
      "dependencies": {
        "dompurify": "^3.2.7",
        "jsdom": "^27.0.0"
      },
      "engines": {
        "node": ">=18"
      }
    },
    "node_modules/jsdom": {
      "version": "27.0.0",
      "resolved": "https://registry.npmjs.org/jsdom/-/jsdom-27.0.0.tgz",
      "integrity": "sha512-lIHeR1qlIRrIN5VMccd8tI2Sgw6ieYXSVktcSHaNe3Z5nE/tcPQYQWOq00wxMvYOsz+73eAkNenVvmPC6bba9A==",
      "license": "MIT",
      "peer": true,
      "dependencies": {
        "@asamuzakjp/dom-selector": "^6.5.4",
        "cssstyle": "^5.3.0",
        "data-urls": "^6.0.0",
        "decimal.js": "^10.5.0",
        "html-encoding-sniffer": "^4.0.0",
        "http-proxy-agent": "^7.0.2",
        "https-proxy-agent": "^7.0.6",
        "is-potential-custom-element-name": "^1.0.1",
        "parse5": "^7.3.0",
        "rrweb-cssom": "^0.8.0",
        "saxes": "^6.0.0",
        "symbol-tree": "^3.2.4",
        "tough-cookie": "^6.0.0",
        "w3c-xmlserializer": "^5.0.0",
        "webidl-conversions": "^8.0.0",
        "whatwg-encoding": "^3.1.1",
        "whatwg-mimetype": "^4.0.0",
        "whatwg-url": "^15.0.0",
        "ws": "^8.18.2",
        "xml-name-validator": "^5.0.0"
      },
      "engines": {
        "node": ">=20"
      },
      "peerDependencies": {
        "canvas": "^3.0.0"
      },
      "peerDependenciesMeta": {
        "canvas": {
          "optional": true
        }
      }
    },
    "node_modules/jsdom/node_modules/parse5": {
      "version": "7.3.0",
      "resolved": "https://registry.npmjs.org/parse5/-/parse5-7.3.0.tgz",
      "integrity": "sha512-IInvU7fabl34qmi9gY8XOVxhYyMyuH2xUNpb2q8/Y+7552KlejkRvqvD19nMoUW/uQGGbqNpA6Tufu5FL5BZgw==",
      "license": "MIT",
      "peer": true,
      "dependencies": {
        "entities": "^6.0.0"
      },
      "funding": {
        "url": "https://github.com/inikulin/parse5?sponsor=1"
      }
    },
    "node_modules/lexical": {
      "version": "0.30.0",
      "resolved": "https://registry.npmjs.org/lexical/-/lexical-0.30.0.tgz",
      "integrity": "sha512-6gxYeXaJiAcreJD0whCofvO0MuJmnWoIgIl1w7L5FTigfhnEohuCx2SoI/oywzfzXE9gzZnyr3rVvZrMItPL8A==",
      "license": "MIT",
      "peer": true
    },
    "node_modules/lru-cache": {
      "version": "11.2.2",
      "resolved": "https://registry.npmjs.org/lru-cache/-/lru-cache-11.2.2.tgz",
      "integrity": "sha512-F9ODfyqML2coTIsQpSkRHnLSZMtkU8Q+mSfcaIyKwy58u+8k5nvAYeiNhsyMARvzNcXJ9QfWVrcPsC9e9rAxtg==",
      "license": "ISC",
      "peer": true,
      "engines": {
        "node": "20 || >=22"
      }
    },
    "node_modules/mdn-data": {
      "version": "2.12.2",
      "resolved": "https://registry.npmjs.org/mdn-data/-/mdn-data-2.12.2.tgz",
      "integrity": "sha512-IEn+pegP1aManZuckezWCO+XZQDplx1366JoVhTpMpBB1sPey/SbveZQUosKiKiGYjg1wH4pMlNgXbCiYgihQA==",
      "license": "CC0-1.0",
      "peer": true
    },
    "node_modules/ms": {
      "version": "2.1.3",
      "resolved": "https://registry.npmjs.org/ms/-/ms-2.1.3.tgz",
      "integrity": "sha512-6FlzubTLZG3J2a/NVCAleEhjzq5oxgHyaCU9yYXvcLsvoVaHJq/s5xXI6/XXP6tz7R9xAOtHnSO/tXtF3WRTlA==",
      "license": "MIT",
      "peer": true
    },
    "node_modules/nanoid": {
      "version": "3.3.11",
      "resolved": "https://registry.npmjs.org/nanoid/-/nanoid-3.3.11.tgz",
      "integrity": "sha512-N8SpfPUnUp1bK+PMYW8qSWdl9U+wwNWI4QKxOYDy9JAro3WMX7p2OeVRF9v+347pnakNevPmiHhNmZ2HbFA76w==",
      "funding": [
        {
          "type": "github",
          "url": "https://github.com/sponsors/ai"
        }
      ],
      "license": "MIT",
      "peer": true,
      "bin": {
        "nanoid": "bin/nanoid.cjs"
      },
      "engines": {
        "node": "^10 || ^12 || ^13.7 || ^14 || >=15.0.1"
      }
    },
    "node_modules/normalize.css": {
      "version": "8.0.1",
      "resolved": "https://registry.npmjs.org/normalize.css/-/normalize.css-8.0.1.tgz",
      "integrity": "sha512-qizSNPO93t1YUuUhP22btGOo3chcvDFqFaj2TRybP0DMxkHOCTYwp3n34fel4a31ORXy4m1Xq0Gyqpb5m33qIg==",
      "license": "MIT",
      "peer": true
    },
    "node_modules/parse5": {
      "version": "8.0.0",
      "resolved": "https://registry.npmjs.org/parse5/-/parse5-8.0.0.tgz",
      "integrity": "sha512-9m4m5GSgXjL4AjumKzq1Fgfp3Z8rsvjRNbnkVwfu2ImRqE5D0LnY2QfDen18FSY9C573YU5XxSapdHZTZ2WolA==",
      "license": "MIT",
      "peer": true,
      "dependencies": {
        "entities": "^6.0.0"
      },
      "funding": {
        "url": "https://github.com/inikulin/parse5?sponsor=1"
      }
    },
    "node_modules/picocolors": {
      "version": "1.1.1",
      "resolved": "https://registry.npmjs.org/picocolors/-/picocolors-1.1.1.tgz",
      "integrity": "sha512-xceH2snhtb5M9liqDsmEw56le376mTZkEX/jEb/RxNFyegNul7eNslCXP9FDj/Lcu0X8KEyMceP2ntpaHrDEVA==",
      "license": "ISC",
      "peer": true
    },
    "node_modules/postcss": {
      "version": "8.5.6",
      "resolved": "https://registry.npmjs.org/postcss/-/postcss-8.5.6.tgz",
      "integrity": "sha512-3Ybi1tAuwAP9s0r1UQ2J4n5Y0G05bJkpUIO0/bI9MhwmD70S5aTWbXGBwxHrelT+XM1k6dM0pk+SwNkpTRN7Pg==",
      "funding": [
        {
          "type": "opencollective",
          "url": "https://opencollective.com/postcss/"
        },
        {
          "type": "tidelift",
          "url": "https://tidelift.com/funding/github/npm/postcss"
        },
        {
          "type": "github",
          "url": "https://github.com/sponsors/ai"
        }
      ],
      "license": "MIT",
      "peer": true,
      "dependencies": {
        "nanoid": "^3.3.11",
        "picocolors": "^1.1.1",
        "source-map-js": "^1.2.1"
      },
      "engines": {
        "node": "^10 || ^12 || >=14"
      }
    },
    "node_modules/punycode": {
      "version": "2.3.1",
      "resolved": "https://registry.npmjs.org/punycode/-/punycode-2.3.1.tgz",
      "integrity": "sha512-vYt7UD1U9Wg6138shLtLOvdAu+8DsC/ilFtEVHcH+wydcSpNE20AfSOduf6MkRFahL5FY7X1oU7nKVZFtfq8Fg==",
      "license": "MIT",
      "peer": true,
      "engines": {
        "node": ">=6"
      }
    },
    "node_modules/require-from-string": {
      "version": "2.0.2",
      "resolved": "https://registry.npmjs.org/require-from-string/-/require-from-string-2.0.2.tgz",
      "integrity": "sha512-Xf0nWe6RseziFMu+Ap9biiUbmplq6S9/p+7w7YXP/JBHhrUDDUhwa+vANyubuqfZWTveU//DYVGsDG7RKL/vEw==",
      "license": "MIT",
      "peer": true,
      "engines": {
        "node": ">=0.10.0"
      }
    },
    "node_modules/rrweb-cssom": {
      "version": "0.8.0",
      "resolved": "https://registry.npmjs.org/rrweb-cssom/-/rrweb-cssom-0.8.0.tgz",
      "integrity": "sha512-guoltQEx+9aMf2gDZ0s62EcV8lsXR+0w8915TC3ITdn2YueuNjdAYh/levpU9nFaoChh9RUS5ZdQMrKfVEN9tw==",
      "license": "MIT",
      "peer": true
    },
    "node_modules/rxjs": {
      "version": "7.8.2",
      "resolved": "https://registry.npmjs.org/rxjs/-/rxjs-7.8.2.tgz",
      "integrity": "sha512-dhKf903U/PQZY6boNNtAGdWbG85WAbjT/1xYoZIC7FAY0yWapOBQVsVrDl58W86//e1VpMNBtRV4MaXfdMySFA==",
      "license": "Apache-2.0",
      "peer": true,
      "dependencies": {
        "tslib": "^2.1.0"
      }
    },
    "node_modules/safer-buffer": {
      "version": "2.1.2",
      "resolved": "https://registry.npmjs.org/safer-buffer/-/safer-buffer-2.1.2.tgz",
      "integrity": "sha512-YZo3K82SD7Riyi0E1EQPojLz7kpepnSQI9IyPbHHg1XXXevb5dJI7tpyN2ADxGcQbHG7vcyRHk0cbwqcQriUtg==",
      "license": "MIT",
      "peer": true
    },
    "node_modules/saxes": {
      "version": "6.0.0",
      "resolved": "https://registry.npmjs.org/saxes/-/saxes-6.0.0.tgz",
      "integrity": "sha512-xAg7SOnEhrm5zI3puOOKyy1OMcMlIJZYNJY7xLBwSze0UjhPLnWfj2GF2EpT0jmzaJKIWKHLsaSSajf35bcYnA==",
      "license": "ISC",
      "peer": true,
      "dependencies": {
        "xmlchars": "^2.2.0"
      },
      "engines": {
        "node": ">=v12.22.7"
      }
    },
    "node_modules/source-map-js": {
      "version": "1.2.1",
      "resolved": "https://registry.npmjs.org/source-map-js/-/source-map-js-1.2.1.tgz",
      "integrity": "sha512-UXWMKhLOwVKb728IUtQPXxfYU+usdybtUrK/8uGE8CQMvrhOpwvzDBwj0QhSL7MQc7vIsISBG8VQ8+IDQxpfQA==",
      "license": "BSD-3-Clause",
      "peer": true,
      "engines": {
        "node": ">=0.10.0"
      }
    },
    "node_modules/symbol-tree": {
      "version": "3.2.4",
      "resolved": "https://registry.npmjs.org/symbol-tree/-/symbol-tree-3.2.4.tgz",
      "integrity": "sha512-9QNk5KwDF+Bvz+PyObkmSYjI5ksVUYtjW7AU22r2NKcfLJcXp96hkDWU3+XndOsUb+AQ9QhfzfCT2O+CNWT5Tw==",
      "license": "MIT",
      "peer": true
    },
    "node_modules/tldts": {
      "version": "7.0.17",
      "resolved": "https://registry.npmjs.org/tldts/-/tldts-7.0.17.tgz",
      "integrity": "sha512-Y1KQBgDd/NUc+LfOtKS6mNsC9CCaH+m2P1RoIZy7RAPo3C3/t8X45+zgut31cRZtZ3xKPjfn3TkGTrctC2TQIQ==",
      "license": "MIT",
      "peer": true,
      "dependencies": {
        "tldts-core": "^7.0.17"
      },
      "bin": {
        "tldts": "bin/cli.js"
      }
    },
    "node_modules/tldts-core": {
      "version": "7.0.17",
      "resolved": "https://registry.npmjs.org/tldts-core/-/tldts-core-7.0.17.tgz",
      "integrity": "sha512-DieYoGrP78PWKsrXr8MZwtQ7GLCUeLxihtjC1jZsW1DnvSMdKPitJSe8OSYDM2u5H6g3kWJZpePqkp43TfLh0g==",
      "license": "MIT",
      "peer": true
    },
    "node_modules/tough-cookie": {
      "version": "6.0.0",
      "resolved": "https://registry.npmjs.org/tough-cookie/-/tough-cookie-6.0.0.tgz",
      "integrity": "sha512-kXuRi1mtaKMrsLUxz3sQYvVl37B0Ns6MzfrtV5DvJceE9bPyspOqk9xxv7XbZWcfLWbFmm997vl83qUWVJA64w==",
      "license": "BSD-3-Clause",
      "peer": true,
      "dependencies": {
        "tldts": "^7.0.5"
      },
      "engines": {
        "node": ">=16"
      }
    },
    "node_modules/tr46": {
      "version": "6.0.0",
      "resolved": "https://registry.npmjs.org/tr46/-/tr46-6.0.0.tgz",
      "integrity": "sha512-bLVMLPtstlZ4iMQHpFHTR7GAGj2jxi8Dg0s2h2MafAE4uSWF98FC/3MomU51iQAMf8/qDUbKWf5GxuvvVcXEhw==",
      "license": "MIT",
      "peer": true,
      "dependencies": {
        "punycode": "^2.3.1"
      },
      "engines": {
        "node": ">=20"
      }
    },
    "node_modules/tslib": {
      "version": "2.8.1",
      "resolved": "https://registry.npmjs.org/tslib/-/tslib-2.8.1.tgz",
      "integrity": "sha512-oJFu94HQb+KVduSUQL7wnpmqnfmLsOA/nAh6b6EH0wCEoK0/mPeXU6c3wKDV83MkOuHPRHtSXKKU99IBazS/2w==",
      "license": "0BSD",
      "peer": true
    },
    "node_modules/w3c-xmlserializer": {
      "version": "5.0.0",
      "resolved": "https://registry.npmjs.org/w3c-xmlserializer/-/w3c-xmlserializer-5.0.0.tgz",
      "integrity": "sha512-o8qghlI8NZHU1lLPrpi2+Uq7abh4GGPpYANlalzWxyWteJOCsr/P+oPBA49TOLu5FTZO4d3F9MnWJfiMo4BkmA==",
      "license": "MIT",
      "peer": true,
      "dependencies": {
        "xml-name-validator": "^5.0.0"
      },
      "engines": {
        "node": ">=18"
      }
    },
    "node_modules/webidl-conversions": {
      "version": "8.0.0",
      "resolved": "https://registry.npmjs.org/webidl-conversions/-/webidl-conversions-8.0.0.tgz",
      "integrity": "sha512-n4W4YFyz5JzOfQeA8oN7dUYpR+MBP3PIUsn2jLjWXwK5ASUzt0Jc/A5sAUZoCYFJRGF0FBKJ+1JjN43rNdsQzA==",
      "license": "BSD-2-Clause",
      "peer": true,
      "engines": {
        "node": ">=20"
      }
    },
    "node_modules/whatwg-encoding": {
      "version": "3.1.1",
      "resolved": "https://registry.npmjs.org/whatwg-encoding/-/whatwg-encoding-3.1.1.tgz",
      "integrity": "sha512-6qN4hJdMwfYBtE3YBTTHhoeuUrDBPZmbQaxWAqSALV/MeEnR5z1xd8UKud2RAkFoPkmB+hli1TZSnyi84xz1vQ==",
      "license": "MIT",
      "peer": true,
      "dependencies": {
        "iconv-lite": "0.6.3"
      },
      "engines": {
        "node": ">=18"
      }
    },
    "node_modules/whatwg-mimetype": {
      "version": "4.0.0",
      "resolved": "https://registry.npmjs.org/whatwg-mimetype/-/whatwg-mimetype-4.0.0.tgz",
      "integrity": "sha512-QaKxh0eNIi2mE9p2vEdzfagOKHCcj1pJ56EEHGQOVxp8r9/iszLUUV7v89x9O1p/T+NlTM5W7jW6+cz4Fq1YVg==",
      "license": "MIT",
      "peer": true,
      "engines": {
        "node": ">=18"
      }
    },
    "node_modules/whatwg-url": {
      "version": "15.1.0",
      "resolved": "https://registry.npmjs.org/whatwg-url/-/whatwg-url-15.1.0.tgz",
      "integrity": "sha512-2ytDk0kiEj/yu90JOAp44PVPUkO9+jVhyf+SybKlRHSDlvOOZhdPIrr7xTH64l4WixO2cP+wQIcgujkGBPPz6g==",
      "license": "MIT",
      "peer": true,
      "dependencies": {
        "tr46": "^6.0.0",
        "webidl-conversions": "^8.0.0"
      },
      "engines": {
        "node": ">=20"
      }
    },
    "node_modules/ws": {
      "version": "8.18.3",
      "resolved": "https://registry.npmjs.org/ws/-/ws-8.18.3.tgz",
      "integrity": "sha512-PEIGCY5tSlUt50cqyMXfCzX+oOPqN0vuGqWzbcJ2xvnkzkq46oOpz7dQaTDBdfICb4N14+GARUDw2XV2N4tvzg==",
      "license": "MIT",
      "peer": true,
      "engines": {
        "node": ">=10.0.0"
      },
      "peerDependencies": {
        "bufferutil": "^4.0.1",
        "utf-8-validate": ">=5.0.2"
      },
      "peerDependenciesMeta": {
        "bufferutil": {
          "optional": true
        },
        "utf-8-validate": {
          "optional": true
        }
      }
    },
    "node_modules/xml-name-validator": {
      "version": "5.0.0",
      "resolved": "https://registry.npmjs.org/xml-name-validator/-/xml-name-validator-5.0.0.tgz",
      "integrity": "sha512-EvGK8EJ3DhaHfbRlETOWAS5pO9MZITeauHKJyb8wyajUfQUenkIg2MvLDTZ4T/TgIcm3HU0TFBgWWboAZ30UHg==",
      "license": "Apache-2.0",
      "peer": true,
      "engines": {
        "node": ">=18"
      }
    },
    "node_modules/xmlchars": {
      "version": "2.2.0",
      "resolved": "https://registry.npmjs.org/xmlchars/-/xmlchars-2.2.0.tgz",
      "integrity": "sha512-JZnDKK8B0RCDw84FNdDAIpZK+JuJw+s7Lz8nksI7SIuU3UXJJslUthsi+uWBUYOwPFwW7W7PRLRfUKpxjtjFCw==",
      "license": "MIT",
      "peer": true
    }
  }
}
