
Microsoft Visual Studio Solution File, Format Version 12.00
# Visual Studio Version 17
VisualStudioVersion = 17.2.32602.215
MinimumVisualStudioVersion = 10.0.40219.1
Project("{9A19103F-16F7-4668-BE54-9A1E7A4F7556}") = "LuccaFront.Tests.e2e", "LuccaFront.Tests.e2e\LuccaFront.Tests.e2e.csproj", "{8FB85F5F-6F57-4FBC-A0A2-BF45F5CB91A6}"
EndProject
Global
	GlobalSection(SolutionConfigurationPlatforms) = preSolution
		Debug|Any CPU = Debug|Any CPU
		Release|Any CPU = Release|Any CPU
	EndGlobalSection
	GlobalSection(ProjectConfigurationPlatforms) = postSolution
		{8FB85F5F-6F57-4FBC-A0A2-BF45F5CB91A6}.Debug|Any CPU.ActiveCfg = Debug|Any CPU
		{8FB85F5F-6F57-4FBC-A0A2-BF45F5CB91A6}.Debug|Any CPU.Build.0 = Debug|Any CPU
		{8FB85F5F-6F57-4FBC-A0A2-BF45F5CB91A6}.Release|Any CPU.ActiveCfg = Release|Any CPU
		{8FB85F5F-6F57-4FBC-A0A2-BF45F5CB91A6}.Release|Any CPU.Build.0 = Release|Any CPU
	EndGlobalSection
	GlobalSection(SolutionProperties) = preSolution
		HideSolutionNode = FALSE
	EndGlobalSection
	GlobalSection(ExtensibilityGlobals) = postSolution
		SolutionGuid = {906E90A7-0E34-4B11-8E81-277131E2C164}
	EndGlobalSection
EndGlobal
